
Microsoft Visual Studio Solution File, Format Version 12.00
# Visual Studio Version 17
VisualStudioVersion = 17.0.31919.166
MinimumVisualStudioVersion = 10.0.40219.1
Project("{FAE04EC0-301F-11D3-BF4B-00C04F79EFBC}") = "MVVM기본구조", "MVVM기본구조\MVVM기본구조.csproj", "{CADE862C-9B37-4D61-B0E6-DE9147344E24}"
EndProject
Global
	GlobalSection(SolutionConfigurationPlatforms) = preSolution
		Debug|Any CPU = Debug|Any CPU
		Release|Any CPU = Release|Any CPU
	EndGlobalSection
	GlobalSection(ProjectConfigurationPlatforms) = postSolution
		{CADE862C-9B37-4D61-B0E6-DE9147344E24}.Debug|Any CPU.ActiveCfg = Debug|Any CPU
		{CADE862C-9B37-4D61-B0E6-DE9147344E24}.Debug|Any CPU.Build.0 = Debug|Any CPU
		{CADE862C-9B37-4D61-B0E6-DE9147344E24}.Release|Any CPU.ActiveCfg = Release|Any CPU
		{CADE862C-9B37-4D61-B0E6-DE9147344E24}.Release|Any CPU.Build.0 = Release|Any CPU
	EndGlobalSection
	GlobalSection(SolutionProperties) = preSolution
		HideSolutionNode = FALSE
	EndGlobalSection
	GlobalSection(ExtensibilityGlobals) = postSolution
		SolutionGuid = {E40F13A2-2197-4E35-9661-3CCC223F7796}
	EndGlobalSection
EndGlobal
